// !$*UTF8*$!
{
	archiveVersion = 1;
	classes = {
	};
	objectVersion = 50;
	objects = {

/* Begin PBXBuildFile section */
		B16C6E1F22C5B92E003F1359 /* AppDelegate.swift in Sources */ = {isa = PBXBuildFile; fileRef = B16C6E1E22C5B92E003F1359 /* AppDelegate.swift */; };
		B16C6E2122C5B92E003F1359 /* ViewController.swift in Sources */ = {isa = PBXBuildFile; fileRef = B16C6E2022C5B92E003F1359 /* ViewController.swift */; };
		B16C6E2422C5B92E003F1359 /* Main.storyboard in Resources */ = {isa = PBXBuildFile; fileRef = B16C6E2222C5B92E003F1359 /* Main.storyboard */; };
		B16C6E2722C5B92E003F1359 /* iTunesMusicSearch.xcdatamodeld in Sources */ = {isa = PBXBuildFile; fileRef = B16C6E2522C5B92E003F1359 /* iTunesMusicSearch.xcdatamodeld */; };
		B16C6E2922C5B930003F1359 /* Assets.xcassets in Resources */ = {isa = PBXBuildFile; fileRef = B16C6E2822C5B930003F1359 /* Assets.xcassets */; };
		B16C6E2C22C5B930003F1359 /* LaunchScreen.storyboard in Resources */ = {isa = PBXBuildFile; fileRef = B16C6E2A22C5B930003F1359 /* LaunchScreen.storyboard */; };
		B16C6E3722C5B930003F1359 /* iTunesMusicSearchTests.swift in Sources */ = {isa = PBXBuildFile; fileRef = B16C6E3622C5B930003F1359 /* iTunesMusicSearchTests.swift */; };
		B16C6E4222C5B930003F1359 /* iTunesMusicSearchUITests.swift in Sources */ = {isa = PBXBuildFile; fileRef = B16C6E4122C5B930003F1359 /* iTunesMusicSearchUITests.swift */; };
		B16C6E5022C60FD4003F1359 /* iTunesMusicInfo.swift in Sources */ = {isa = PBXBuildFile; fileRef = B16C6E4F22C60FD4003F1359 /* iTunesMusicInfo.swift */; };
		B16C6E5222C63D3F003F1359 /* iTunesMusicInfoCell.swift in Sources */ = {isa = PBXBuildFile; fileRef = B16C6E5122C63D3F003F1359 /* iTunesMusicInfoCell.swift */; };
		B16C6E5422C745FC003F1359 /* LoadingCell.swift in Sources */ = {isa = PBXBuildFile; fileRef = B16C6E5322C745FB003F1359 /* LoadingCell.swift */; };
		B16C6E5622C7585E003F1359 /* MusicHTTP.swift in Sources */ = {isa = PBXBuildFile; fileRef = B16C6E5522C7585B003F1359 /* MusicHTTP.swift */; };
/* End PBXBuildFile section */

/* Begin PBXContainerItemProxy section */
		B16C6E3322C5B930003F1359 /* PBXContainerItemProxy */ = {
			isa = PBXContainerItemProxy;
			containerPortal = B16C6E1322C5B92E003F1359 /* Project object */;
			proxyType = 1;
			remoteGlobalIDString = B16C6E1A22C5B92E003F1359;
			remoteInfo = iTunesMusicSearch;
		};
		B16C6E3E22C5B930003F1359 /* PBXContainerItemProxy */ = {
			isa = PBXContainerItemProxy;
			containerPortal = B16C6E1322C5B92E003F1359 /* Project object */;
			proxyType = 1;
			remoteGlobalIDString = B16C6E1A22C5B92E003F1359;
			remoteInfo = iTunesMusicSearch;
		};
/* End PBXContainerItemProxy section */

/* Begin PBXFileReference section */
		B16C6E1B22C5B92E003F1359 /* iTunesMusicSearch.app */ = {isa = PBXFileReference; explicitFileType = wrapper.application; includeInIndex = 0; path = iTunesMusicSearch.app; sourceTree = BUILT_PRODUCTS_DIR; };
		B16C6E1E22C5B92E003F1359 /* AppDelegate.swift */ = {isa = PBXFileReference; lastKnownFileType = sourcecode.swift; path = AppDelegate.swift; sourceTree = "<group>"; };
		B16C6E2022C5B92E003F1359 /* ViewController.swift */ = {isa = PBXFileReference; lastKnownFileType = sourcecode.swift; path = ViewController.swift; sourceTree = "<group>"; };
		B16C6E2322C5B92E003F1359 /* Base */ = {isa = PBXFileReference; lastKnownFileType = file.storyboard; name = Base; path = Base.lproj/Main.storyboard; sourceTree = "<group>"; };
		B16C6E2622C5B92E003F1359 /* iTunesMusicSearch.xcdatamodel */ = {isa = PBXFileReference; lastKnownFileType = wrapper.xcdatamodel; path = iTunesMusicSearch.xcdatamodel; sourceTree = "<group>"; };
		B16C6E2822C5B930003F1359 /* Assets.xcassets */ = {isa = PBXFileReference; lastKnownFileType = folder.assetcatalog; path = Assets.xcassets; sourceTree = "<group>"; };
		B16C6E2B22C5B930003F1359 /* Base */ = {isa = PBXFileReference; lastKnownFileType = file.storyboard; name = Base; path = Base.lproj/LaunchScreen.storyboard; sourceTree = "<group>"; };
		B16C6E2D22C5B930003F1359 /* Info.plist */ = {isa = PBXFileReference; lastKnownFileType = text.plist.xml; path = Info.plist; sourceTree = "<group>"; };
		B16C6E3222C5B930003F1359 /* iTunesMusicSearchTests.xctest */ = {isa = PBXFileReference; explicitFileType = wrapper.cfbundle; includeInIndex = 0; path = iTunesMusicSearchTests.xctest; sourceTree = BUILT_PRODUCTS_DIR; };
		B16C6E3622C5B930003F1359 /* iTunesMusicSearchTests.swift */ = {isa = PBXFileReference; lastKnownFileType = sourcecode.swift; path = iTunesMusicSearchTests.swift; sourceTree = "<group>"; };
		B16C6E3822C5B930003F1359 /* Info.plist */ = {isa = PBXFileReference; lastKnownFileType = text.plist.xml; path = Info.plist; sourceTree = "<group>"; };
		B16C6E3D22C5B930003F1359 /* iTunesMusicSearchUITests.xctest */ = {isa = PBXFileReference; explicitFileType = wrapper.cfbundle; includeInIndex = 0; path = iTunesMusicSearchUITests.xctest; sourceTree = BUILT_PRODUCTS_DIR; };
		B16C6E4122C5B930003F1359 /* iTunesMusicSearchUITests.swift */ = {isa = PBXFileReference; lastKnownFileType = sourcecode.swift; path = iTunesMusicSearchUITests.swift; sourceTree = "<group>"; };
		B16C6E4322C5B930003F1359 /* Info.plist */ = {isa = PBXFileReference; lastKnownFileType = text.plist.xml; path = Info.plist; sourceTree = "<group>"; };
		B16C6E4F22C60FD4003F1359 /* iTunesMusicInfo.swift */ = {isa = PBXFileReference; lastKnownFileType = sourcecode.swift; path = iTunesMusicInfo.swift; sourceTree = "<group>"; };
		B16C6E5122C63D3F003F1359 /* iTunesMusicInfoCell.swift */ = {isa = PBXFileReference; lastKnownFileType = sourcecode.swift; path = iTunesMusicInfoCell.swift; sourceTree = "<group>"; };
		B16C6E5322C745FB003F1359 /* LoadingCell.swift */ = {isa = PBXFileReference; lastKnownFileType = sourcecode.swift; path = LoadingCell.swift; sourceTree = "<group>"; };
		B16C6E5522C7585B003F1359 /* MusicHTTP.swift */ = {isa = PBXFileReference; lastKnownFileType = sourcecode.swift; path = MusicHTTP.swift; sourceTree = "<group>"; };
/* End PBXFileReference section */

/* Begin PBXFrameworksBuildPhase section */
		B16C6E1822C5B92E003F1359 /* Frameworks */ = {
			isa = PBXFrameworksBuildPhase;
			buildActionMask = 2147483647;
			files = (
			);
			runOnlyForDeploymentPostprocessing = 0;
		};
		B16C6E2F22C5B930003F1359 /* Frameworks */ = {
			isa = PBXFrameworksBuildPhase;
			buildActionMask = 2147483647;
			files = (
			);
			runOnlyForDeploymentPostprocessing = 0;
		};
		B16C6E3A22C5B930003F1359 /* Frameworks */ = {
			isa = PBXFrameworksBuildPhase;
			buildActionMask = 2147483647;
			files = (
			);
			runOnlyForDeploymentPostprocessing = 0;
		};
/* End PBXFrameworksBuildPhase section */

/* Begin PBXGroup section */
		B16C6E1222C5B92E003F1359 = {
			isa = PBXGroup;
			children = (
				B16C6E1D22C5B92E003F1359 /* iTunesMusicSearch */,
				B16C6E3522C5B930003F1359 /* iTunesMusicSearchTests */,
				B16C6E4022C5B930003F1359 /* iTunesMusicSearchUITests */,
				B16C6E1C22C5B92E003F1359 /* Products */,
			);
			sourceTree = "<group>";
		};
		B16C6E1C22C5B92E003F1359 /* Products */ = {
			isa = PBXGroup;
			children = (
				B16C6E1B22C5B92E003F1359 /* iTunesMusicSearch.app */,
				B16C6E3222C5B930003F1359 /* iTunesMusicSearchTests.xctest */,
				B16C6E3D22C5B930003F1359 /* iTunesMusicSearchUITests.xctest */,
			);
			name = Products;
			sourceTree = "<group>";
		};
		B16C6E1D22C5B92E003F1359 /* iTunesMusicSearch */ = {
			isa = PBXGroup;
			children = (
				B16C6E1E22C5B92E003F1359 /* AppDelegate.swift */,
				B16C6E2022C5B92E003F1359 /* ViewController.swift */,
				B16C6E2222C5B92E003F1359 /* Main.storyboard */,
				B16C6E4F22C60FD4003F1359 /* iTunesMusicInfo.swift */,
				B16C6E5522C7585B003F1359 /* MusicHTTP.swift */,
				B16C6E5122C63D3F003F1359 /* iTunesMusicInfoCell.swift */,
				B16C6E5322C745FB003F1359 /* LoadingCell.swift */,
				B16C6E2822C5B930003F1359 /* Assets.xcassets */,
				B16C6E2A22C5B930003F1359 /* LaunchScreen.storyboard */,
				B16C6E2D22C5B930003F1359 /* Info.plist */,
				B16C6E2522C5B92E003F1359 /* iTunesMusicSearch.xcdatamodeld */,
			);
			path = iTunesMusicSearch;
			sourceTree = "<group>";
		};
		B16C6E3522C5B930003F1359 /* iTunesMusicSearchTests */ = {
			isa = PBXGroup;
			children = (
				B16C6E3622C5B930003F1359 /* iTunesMusicSearchTests.swift */,
				B16C6E3822C5B930003F1359 /* Info.plist */,
			);
			path = iTunesMusicSearchTests;
			sourceTree = "<group>";
		};
		B16C6E4022C5B930003F1359 /* iTunesMusicSearchUITests */ = {
			isa = PBXGroup;
			children = (
				B16C6E4122C5B930003F1359 /* iTunesMusicSearchUITests.swift */,
				B16C6E4322C5B930003F1359 /* Info.plist */,
			);
			path = iTunesMusicSearchUITests;
			sourceTree = "<group>";
		};
/* End PBXGroup section */

/* Begin PBXNativeTarget section */
		B16C6E1A22C5B92E003F1359 /* iTunesMusicSearch */ = {
			isa = PBXNativeTarget;
			buildConfigurationList = B16C6E4622C5B930003F1359 /* Build configuration list for PBXNativeTarget "iTunesMusicSearch" */;
			buildPhases = (
				B16C6E1722C5B92E003F1359 /* Sources */,
				B16C6E1822C5B92E003F1359 /* Frameworks */,
				B16C6E1922C5B92E003F1359 /* Resources */,
			);
			buildRules = (
			);
			dependencies = (
			);
			name = iTunesMusicSearch;
			productName = iTunesMusicSearch;
			productReference = B16C6E1B22C5B92E003F1359 /* iTunesMusicSearch.app */;
			productType = "com.apple.product-type.application";
		};
		B16C6E3122C5B930003F1359 /* iTunesMusicSearchTests */ = {
			isa = PBXNativeTarget;
			buildConfigurationList = B16C6E4922C5B930003F1359 /* Build configuration list for PBXNativeTarget "iTunesMusicSearchTests" */;
			buildPhases = (
				B16C6E2E22C5B930003F1359 /* Sources */,
				B16C6E2F22C5B930003F1359 /* Frameworks */,
				B16C6E3022C5B930003F1359 /* Resources */,
			);
			buildRules = (
			);
			dependencies = (
				B16C6E3422C5B930003F1359 /* PBXTargetDependency */,
			);
			name = iTunesMusicSearchTests;
			productName = iTunesMusicSearchTests;
			productReference = B16C6E3222C5B930003F1359 /* iTunesMusicSearchTests.xctest */;
			productType = "com.apple.product-type.bundle.unit-test";
		};
		B16C6E3C22C5B930003F1359 /* iTunesMusicSearchUITests */ = {
			isa = PBXNativeTarget;
			buildConfigurationList = B16C6E4C22C5B930003F1359 /* Build configuration list for PBXNativeTarget "iTunesMusicSearchUITests" */;
			buildPhases = (
				B16C6E3922C5B930003F1359 /* Sources */,
				B16C6E3A22C5B930003F1359 /* Frameworks */,
				B16C6E3B22C5B930003F1359 /* Resources */,
			);
			buildRules = (
			);
			dependencies = (
				B16C6E3F22C5B930003F1359 /* PBXTargetDependency */,
			);
			name = iTunesMusicSearchUITests;
			productName = iTunesMusicSearchUITests;
			productReference = B16C6E3D22C5B930003F1359 /* iTunesMusicSearchUITests.xctest */;
			productType = "com.apple.product-type.bundle.ui-testing";
		};
/* End PBXNativeTarget section */

/* Begin PBXProject section */
		B16C6E1322C5B92E003F1359 /* Project object */ = {
			isa = PBXProject;
			attributes = {
				LastSwiftUpdateCheck = 1020;
				LastUpgradeCheck = 1020;
				ORGANIZATIONNAME = "Rey Felipe";
				TargetAttributes = {
					B16C6E1A22C5B92E003F1359 = {
						CreatedOnToolsVersion = 10.2.1;
					};
					B16C6E3122C5B930003F1359 = {
						CreatedOnToolsVersion = 10.2.1;
						TestTargetID = B16C6E1A22C5B92E003F1359;
					};
					B16C6E3C22C5B930003F1359 = {
						CreatedOnToolsVersion = 10.2.1;
						TestTargetID = B16C6E1A22C5B92E003F1359;
					};
				};
			};
			buildConfigurationList = B16C6E1622C5B92E003F1359 /* Build configuration list for PBXProject "iTunesMusicSearch" */;
			compatibilityVersion = "Xcode 9.3";
			developmentRegion = en;
			hasScannedForEncodings = 0;
			knownRegions = (
				en,
				Base,
			);
			mainGroup = B16C6E1222C5B92E003F1359;
			productRefGroup = B16C6E1C22C5B92E003F1359 /* Products */;
			projectDirPath = "";
			projectRoot = "";
			targets = (
				B16C6E1A22C5B92E003F1359 /* iTunesMusicSearch */,
				B16C6E3122C5B930003F1359 /* iTunesMusicSearchTests */,
				B16C6E3C22C5B930003F1359 /* iTunesMusicSearchUITests */,
			);
		};
/* End PBXProject section */

/* Begin PBXResourcesBuildPhase section */
		B16C6E1922C5B92E003F1359 /* Resources */ = {
			isa = PBXResourcesBuildPhase;
			buildActionMask = 2147483647;
			files = (
				B16C6E2C22C5B930003F1359 /* LaunchScreen.storyboard in Resources */,
				B16C6E2922C5B930003F1359 /* Assets.xcassets in Resources */,
				B16C6E2422C5B92E003F1359 /* Main.storyboard in Resources */,
			);
			runOnlyForDeploymentPostprocessing = 0;
		};
		B16C6E3022C5B930003F1359 /* Resources */ = {
			isa = PBXResourcesBuildPhase;
			buildActionMask = 2147483647;
			files = (
			);
			runOnlyForDeploymentPostprocessing = 0;
		};
		B16C6E3B22C5B930003F1359 /* Resources */ = {
			isa = PBXResourcesBuildPhase;
			buildActionMask = 2147483647;
			files = (
			);
			runOnlyForDeploymentPostprocessing = 0;
		};
/* End PBXResourcesBuildPhase section */

/* Begin PBXSourcesBuildPhase section */
		B16C6E1722C5B92E003F1359 /* Sources */ = {
			isa = PBXSourcesBuildPhase;
			buildActionMask = 2147483647;
			files = (
				B16C6E5422C745FC003F1359 /* LoadingCell.swift in Sources */,
				B16C6E2722C5B92E003F1359 /* iTunesMusicSearch.xcdatamodeld in Sources */,
				B16C6E5022C60FD4003F1359 /* iTunesMusicInfo.swift in Sources */,
				B16C6E5622C7585E003F1359 /* MusicHTTP.swift in Sources */,
				B16C6E5222C63D3F003F1359 /* iTunesMusicInfoCell.swift in Sources */,
				B16C6E2122C5B92E003F1359 /* ViewController.swift in Sources */,
				B16C6E1F22C5B92E003F1359 /* AppDelegate.swift in Sources */,
			);
			runOnlyForDeploymentPostprocessing = 0;
		};
		B16C6E2E22C5B930003F1359 /* Sources */ = {
			isa = PBXSourcesBuildPhase;
			buildActionMask = 2147483647;
			files = (
				B16C6E3722C5B930003F1359 /* iTunesMusicSearchTests.swift in Sources */,
			);
			runOnlyForDeploymentPostprocessing = 0;
		};
		B16C6E3922C5B930003F1359 /* Sources */ = {
			isa = PBXSourcesBuildPhase;
			buildActionMask = 2147483647;
			files = (
				B16C6E4222C5B930003F1359 /* iTunesMusicSearchUITests.swift in Sources */,
			);
			runOnlyForDeploymentPostprocessing = 0;
		};
/* End PBXSourcesBuildPhase section */

/* Begin PBXTargetDependency section */
		B16C6E3422C5B930003F1359 /* PBXTargetDependency */ = {
			isa = PBXTargetDependency;
			target = B16C6E1A22C5B92E003F1359 /* iTunesMusicSearch */;
			targetProxy = B16C6E3322C5B930003F1359 /* PBXContainerItemProxy */;
		};
		B16C6E3F22C5B930003F1359 /* PBXTargetDependency */ = {
			isa = PBXTargetDependency;
			target = B16C6E1A22C5B92E003F1359 /* iTunesMusicSearch */;
			targetProxy = B16C6E3E22C5B930003F1359 /* PBXContainerItemProxy */;
		};
/* End PBXTargetDependency section */

/* Begin PBXVariantGroup section */
		B16C6E2222C5B92E003F1359 /* Main.storyboard */ = {
			isa = PBXVariantGroup;
			children = (
				B16C6E2322C5B92E003F1359 /* Base */,
			);
			name = Main.storyboard;
			sourceTree = "<group>";
		};
		B16C6E2A22C5B930003F1359 /* LaunchScreen.storyboard */ = {
			isa = PBXVariantGroup;
			children = (
				B16C6E2B22C5B930003F1359 /* Base */,
			);
			name = LaunchScreen.storyboard;
			sourceTree = "<group>";
		};
/* End PBXVariantGroup section */

/* Begin XCBuildConfiguration section */
		B16C6E4422C5B930003F1359 /* Debug */ = {
			isa = XCBuildConfiguration;
			buildSettings = {
				ALWAYS_SEARCH_USER_PATHS = NO;
				CLANG_ANALYZER_NONNULL = YES;
				CLANG_ANALYZER_NUMBER_OBJECT_CONVERSION = YES_AGGRESSIVE;
				CLANG_CXX_LANGUAGE_STANDARD = "gnu++14";
				CLANG_CXX_LIBRARY = "libc++";
				CLANG_ENABLE_MODULES = YES;
				CLANG_ENABLE_OBJC_ARC = YES;
				CLANG_ENABLE_OBJC_WEAK = YES;
				CLANG_WARN_BLOCK_CAPTURE_AUTORELEASING = YES;
				CLANG_WARN_BOOL_CONVERSION = YES;
				CLANG_WARN_COMMA = YES;
				CLANG_WARN_CONSTANT_CONVERSION = YES;
				CLANG_WARN_DEPRECATED_OBJC_IMPLEMENTATIONS = YES;
				CLANG_WARN_DIRECT_OBJC_ISA_USAGE = YES_ERROR;
				CLANG_WARN_DOCUMENTATION_COMMENTS = YES;
				CLANG_WARN_EMPTY_BODY = YES;
				CLANG_WARN_ENUM_CONVERSION = YES;
				CLANG_WARN_INFINITE_RECURSION = YES;
				CLANG_WARN_INT_CONVERSION = YES;
				CLANG_WARN_NON_LITERAL_NULL_CONVERSION = YES;
				CLANG_WARN_OBJC_IMPLICIT_RETAIN_SELF = YES;
				CLANG_WARN_OBJC_LITERAL_CONVERSION = YES;
				CLANG_WARN_OBJC_ROOT_CLASS = YES_ERROR;
				CLANG_WARN_RANGE_LOOP_ANALYSIS = YES;
				CLANG_WARN_STRICT_PROTOTYPES = YES;
				CLANG_WARN_SUSPICIOUS_MOVE = YES;
				CLANG_WARN_UNGUARDED_AVAILABILITY = YES_AGGRESSIVE;
				CLANG_WARN_UNREACHABLE_CODE = YES;
				CLANG_WARN__DUPLICATE_METHOD_MATCH = YES;
				CODE_SIGN_IDENTITY = "iPhone Developer";
				COPY_PHASE_STRIP = NO;
				DEBUG_INFORMATION_FORMAT = dwarf;
				ENABLE_STRICT_OBJC_MSGSEND = YES;
				ENABLE_TESTABILITY = YES;
				GCC_C_LANGUAGE_STANDARD = gnu11;
				GCC_DYNAMIC_NO_PIC = NO;
				GCC_NO_COMMON_BLOCKS = YES;
				GCC_OPTIMIZATION_LEVEL = 0;
				GCC_PREPROCESSOR_DEFINITIONS = (
					"DEBUG=1",
					"$(inherited)",
				);
				GCC_WARN_64_TO_32_BIT_CONVERSION = YES;
				GCC_WARN_ABOUT_RETURN_TYPE = YES_ERROR;
				GCC_WARN_UNDECLARED_SELECTOR = YES;
				GCC_WARN_UNINITIALIZED_AUTOS = YES_AGGRESSIVE;
				GCC_WARN_UNUSED_FUNCTION = YES;
				GCC_WARN_UNUSED_VARIABLE = YES;
				IPHONEOS_DEPLOYMENT_TARGET = 12.2;
				MTL_ENABLE_DEBUG_INFO = INCLUDE_SOURCE;
				MTL_FAST_MATH = YES;
				ONLY_ACTIVE_ARCH = YES;
				SDKROOT = iphoneos;
				SWIFT_ACTIVE_COMPILATION_CONDITIONS = DEBUG;
				SWIFT_OPTIMIZATION_LEVEL = "-Onone";
			};
			name = Debug;
		};
		B16C6E4522C5B930003F1359 /* Release */ = {
			isa = XCBuildConfiguration;
			buildSettings = {
				ALWAYS_SEARCH_USER_PATHS = NO;
				CLANG_ANALYZER_NONNULL = YES;
				CLANG_ANALYZER_NUMBER_OBJECT_CONVERSION = YES_AGGRESSIVE;
				CLANG_CXX_LANGUAGE_STANDARD = "gnu++14";
				CLANG_CXX_LIBRARY = "libc++";
				CLANG_ENABLE_MODULES = YES;
				CLANG_ENABLE_OBJC_ARC = YES;
				CLANG_ENABLE_OBJC_WEAK = YES;
				CLANG_WARN_BLOCK_CAPTURE_AUTORELEASING = YES;
				CLANG_WARN_BOOL_CONVERSION = YES;
				CLANG_WARN_COMMA = YES;
				CLANG_WARN_CONSTANT_CONVERSION = YES;
				CLANG_WARN_DEPRECATED_OBJC_IMPLEMENTATIONS = YES;
				CLANG_WARN_DIRECT_OBJC_ISA_USAGE = YES_ERROR;
				CLANG_WARN_DOCUMENTATION_COMMENTS = YES;
				CLANG_WARN_EMPTY_BODY = YES;
				CLANG_WARN_ENUM_CONVERSION = YES;
				CLANG_WARN_INFINITE_RECURSION = YES;
				CLANG_WARN_INT_CONVERSION = YES;
				CLANG_WARN_NON_LITERAL_NULL_CONVERSION = YES;
				CLANG_WARN_OBJC_IMPLICIT_RETAIN_SELF = YES;
				CLANG_WARN_OBJC_LITERAL_CONVERSION = YES;
				CLANG_WARN_OBJC_ROOT_CLASS = YES_ERROR;
				CLANG_WARN_RANGE_LOOP_ANALYSIS = YES;
				CLANG_WARN_STRICT_PROTOTYPES = YES;
				CLANG_WARN_SUSPICIOUS_MOVE = YES;
				CLANG_WARN_UNGUARDED_AVAILABILITY = YES_AGGRESSIVE;
				CLANG_WARN_UNREACHABLE_CODE = YES;
				CLANG_WARN__DUPLICATE_METHOD_MATCH = YES;
				CODE_SIGN_IDENTITY = "iPhone Developer";
				COPY_PHASE_STRIP = NO;
				DEBUG_INFORMATION_FORMAT = "dwarf-with-dsym";
				ENABLE_NS_ASSERTIONS = NO;
				ENABLE_STRICT_OBJC_MSGSEND = YES;
				GCC_C_LANGUAGE_STANDARD = gnu11;
				GCC_NO_COMMON_BLOCKS = YES;
				GCC_WARN_64_TO_32_BIT_CONVERSION = YES;
				GCC_WARN_ABOUT_RETURN_TYPE = YES_ERROR;
				GCC_WARN_UNDECLARED_SELECTOR = YES;
				GCC_WARN_UNINITIALIZED_AUTOS = YES_AGGRESSIVE;
				GCC_WARN_UNUSED_FUNCTION = YES;
				GCC_WARN_UNUSED_VARIABLE = YES;
				IPHONEOS_DEPLOYMENT_TARGET = 12.2;
				MTL_ENABLE_DEBUG_INFO = NO;
				MTL_FAST_MATH = YES;
				SDKROOT = iphoneos;
				SWIFT_COMPILATION_MODE = wholemodule;
				SWIFT_OPTIMIZATION_LEVEL = "-O";
				VALIDATE_PRODUCT = YES;
			};
			name = Release;
		};
		B16C6E4722C5B930003F1359 /* Debug */ = {
			isa = XCBuildConfiguration;
			buildSettings = {
				ASSETCATALOG_COMPILER_APPICON_NAME = AppIcon;
				CODE_SIGN_STYLE = Automatic;
				DEVELOPMENT_TEAM = JF8XNH8Y89;
				INFOPLIST_FILE = iTunesMusicSearch/Info.plist;
				LD_RUNPATH_SEARCH_PATHS = (
					"$(inherited)",
					"@executable_path/Frameworks",
				);
				PRODUCT_BUNDLE_IDENTIFIER = com.reyfelipe.iTunesMusicSearch;
				PRODUCT_NAME = "$(TARGET_NAME)";
				SWIFT_VERSION = 5.0;
				TARGETED_DEVICE_FAMILY = "1,2";
			};
			name = Debug;
		};
		B16C6E4822C5B930003F1359 /* Release */ = {
			isa = XCBuildConfiguration;
			buildSettings = {
				ASSETCATALOG_COMPILER_APPICON_NAME = AppIcon;
				CODE_SIGN_STYLE = Automatic;
				DEVELOPMENT_TEAM = JF8XNH8Y89;
				INFOPLIST_FILE = iTunesMusicSearch/Info.plist;
				LD_RUNPATH_SEARCH_PATHS = (
					"$(inherited)",
					"@executable_path/Frameworks",
				);
				PRODUCT_BUNDLE_IDENTIFIER = com.reyfelipe.iTunesMusicSearch;
				PRODUCT_NAME = "$(TARGET_NAME)";
				SWIFT_VERSION = 5.0;
				TARGETED_DEVICE_FAMILY = "1,2";
			};
			name = Release;
		};
		B16C6E4A22C5B930003F1359 /* Debug */ = {
			isa = XCBuildConfiguration;
			buildSettings = {
				ALWAYS_EMBED_SWIFT_STANDARD_LIBRARIES = YES;
				BUNDLE_LOADER = "$(TEST_HOST)";
				CODE_SIGN_STYLE = Automatic;
				DEVELOPMENT_TEAM = JF8XNH8Y89;
				INFOPLIST_FILE = iTunesMusicSearchTests/Info.plist;
				LD_RUNPATH_SEARCH_PATHS = (
					"$(inherited)",
					"@executable_path/Frameworks",
					"@loader_path/Frameworks",
				);
				PRODUCT_BUNDLE_IDENTIFIER = com.reyfelipe.iTunesMusicSearchTests;
				PRODUCT_NAME = "$(TARGET_NAME)";
				SWIFT_VERSION = 5.0;
				TARGETED_DEVICE_FAMILY = "1,2";
				TEST_HOST = "$(BUILT_PRODUCTS_DIR)/iTunesMusicSearch.app/iTunesMusicSearch";
			};
			name = Debug;
		};
		B16C6E4B22C5B930003F1359 /* Release */ = {
			isa = XCBuildConfiguration;
			buildSettings = {
				ALWAYS_EMBED_SWIFT_STANDARD_LIBRARIES = YES;
				BUNDLE_LOADER = "$(TEST_HOST)";
				CODE_SIGN_STYLE = Automatic;
				DEVELOPMENT_TEAM = JF8XNH8Y89;
				INFOPLIST_FILE = iTunesMusicSearchTests/Info.plist;
				LD_RUNPATH_SEARCH_PATHS = (
					"$(inherited)",
					"@executable_path/Frameworks",
					"@loader_path/Frameworks",
				);
				PRODUCT_BUNDLE_IDENTIFIER = com.reyfelipe.iTunesMusicSearchTests;
				PRODUCT_NAME = "$(TARGET_NAME)";
				SWIFT_VERSION = 5.0;
				TARGETED_DEVICE_FAMILY = "1,2";
				TEST_HOST = "$(BUILT_PRODUCTS_DIR)/iTunesMusicSearch.app/iTunesMusicSearch";
			};
			name = Release;
		};
		B16C6E4D22C5B930003F1359 /* Debug */ = {
			isa = XCBuildConfiguration;
			buildSettings = {
				ALWAYS_EMBED_SWIFT_STANDARD_LIBRARIES = YES;
				CODE_SIGN_STYLE = Automatic;
				DEVELOPMENT_TEAM = JF8XNH8Y89;
				INFOPLIST_FILE = iTunesMusicSearchUITests/Info.plist;
				LD_RUNPATH_SEARCH_PATHS = (
					"$(inherited)",
					"@executable_path/Frameworks",
					"@loader_path/Frameworks",
				);
				PRODUCT_BUNDLE_IDENTIFIER = com.reyfelipe.iTunesMusicSearchUITests;
				PRODUCT_NAME = "$(TARGET_NAME)";
				SWIFT_VERSION = 5.0;
				TARGETED_DEVICE_FAMILY = "1,2";
				TEST_TARGET_NAME = iTunesMusicSearch;
			};
			name = Debug;
		};
		B16C6E4E22C5B930003F1359 /* Release */ = {
			isa = XCBuildConfiguration;
			buildSettings = {
				ALWAYS_EMBED_SWIFT_STANDARD_LIBRARIES = YES;
				CODE_SIGN_STYLE = Automatic;
				DEVELOPMENT_TEAM = JF8XNH8Y89;
				INFOPLIST_FILE = iTunesMusicSearchUITests/Info.plist;
				LD_RUNPATH_SEARCH_PATHS = (
					"$(inherited)",
					"@executable_path/Frameworks",
					"@loader_path/Frameworks",
				);
				PRODUCT_BUNDLE_IDENTIFIER = com.reyfelipe.iTunesMusicSearchUITests;
				PRODUCT_NAME = "$(TARGET_NAME)";
				SWIFT_VERSION = 5.0;
				TARGETED_DEVICE_FAMILY = "1,2";
				TEST_TARGET_NAME = iTunesMusicSearch;
			};
			name = Release;
		};
/* End XCBuildConfiguration section */

/* Begin XCConfigurationList section */
		B16C6E1622C5B92E003F1359 /* Build configuration list for PBXProject "iTunesMusicSearch" */ = {
			isa = XCConfigurationList;
			buildConfigurations = (
				B16C6E4422C5B930003F1359 /* Debug */,
				B16C6E4522C5B930003F1359 /* Release */,
			);
			defaultConfigurationIsVisible = 0;
			defaultConfigurationName = Release;
		};
		B16C6E4622C5B930003F1359 /* Build configuration list for PBXNativeTarget "iTunesMusicSearch" */ = {
			isa = XCConfigurationList;
			buildConfigurations = (
				B16C6E4722C5B930003F1359 /* Debug */,
				B16C6E4822C5B930003F1359 /* Release */,
			);
			defaultConfigurationIsVisible = 0;
			defaultConfigurationName = Release;
		};
		B16C6E4922C5B930003F1359 /* Build configuration list for PBXNativeTarget "iTunesMusicSearchTests" */ = {
			isa = XCConfigurationList;
			buildConfigurations = (
				B16C6E4A22C5B930003F1359 /* Debug */,
				B16C6E4B22C5B930003F1359 /* Release */,
			);
			defaultConfigurationIsVisible = 0;
			defaultConfigurationName = Release;
		};
		B16C6E4C22C5B930003F1359 /* Build configuration list for PBXNativeTarget "iTunesMusicSearchUITests" */ = {
			isa = XCConfigurationList;
			buildConfigurations = (
				B16C6E4D22C5B930003F1359 /* Debug */,
				B16C6E4E22C5B930003F1359 /* Release */,
			);
			defaultConfigurationIsVisible = 0;
			defaultConfigurationName = Release;
		};
/* End XCConfigurationList section */

/* Begin XCVersionGroup section */
		B16C6E2522C5B92E003F1359 /* iTunesMusicSearch.xcdatamodeld */ = {
			isa = XCVersionGroup;
			children = (
				B16C6E2622C5B92E003F1359 /* iTunesMusicSearch.xcdatamodel */,
			);
			currentVersion = B16C6E2622C5B92E003F1359 /* iTunesMusicSearch.xcdatamodel */;
			path = iTunesMusicSearch.xcdatamodeld;
			sourceTree = "<group>";
			versionGroupType = wrapper.xcdatamodel;
		};
/* End XCVersionGroup section */
	};
	rootObject = B16C6E1322C5B92E003F1359 /* Project object */;
}
